
Microsoft Visual Studio Solution File, Format Version 11.00
# Visual Studio 2010
Project("{FAE04EC0-301F-11D3-BF4B-00C04F79EFBC}") = "puzzel Ball", "Assembly-CSharp.csproj", "{C501C66D-08F6-DB58-201F-82EA0EA4180E}"
EndProject
Global
	GlobalSection(SolutionConfigurationPlatforms) = preSolution
		Debug|Any CPU = Debug|Any CPU
		Release|Any CPU = Release|Any CPU
	EndGlobalSection
	GlobalSection(ProjectConfigurationPlatforms) = postSolution
		{C501C66D-08F6-DB58-201F-82EA0EA4180E}.Debug|Any CPU.ActiveCfg = Debug|Any CPU
		{C501C66D-08F6-DB58-201F-82EA0EA4180E}.Debug|Any CPU.Build.0 = Debug|Any CPU
		{C501C66D-08F6-DB58-201F-82EA0EA4180E}.Release|Any CPU.ActiveCfg = Release|Any CPU
		{C501C66D-08F6-DB58-201F-82EA0EA4180E}.Release|Any CPU.Build.0 = Release|Any CPU
	EndGlobalSection
	GlobalSection(SolutionProperties) = preSolution
		HideSolutionNode = FALSE
	EndGlobalSection
	GlobalSection(MonoDevelopProperties) = preSolution
		StartupItem = Assembly-CSharp.csproj
	EndGlobalSection
EndGlobal
